
Microsoft Visual Studio Solution File, Format Version 12.00
# Visual Studio Version 17
VisualStudioVersion = 17.0.31912.275
MinimumVisualStudioVersion = 10.0.40219.1
Project("{FAE04EC0-301F-11D3-BF4B-00C04F79EFBC}") = "training_csharp", "training_csharp.csproj", "{A5A5362E-5688-4448-9430-C89957BC9433}"
EndProject
Global
	GlobalSection(SolutionConfigurationPlatforms) = preSolution
		Debug|Any CPU = Debug|Any CPU
		Release|Any CPU = Release|Any CPU
	EndGlobalSection
	GlobalSection(ProjectConfigurationPlatforms) = postSolution
		{A5A5362E-5688-4448-9430-C89957BC9433}.Debug|Any CPU.ActiveCfg = Debug|Any CPU
		{A5A5362E-5688-4448-9430-C89957BC9433}.Debug|Any CPU.Build.0 = Debug|Any CPU
		{A5A5362E-5688-4448-9430-C89957BC9433}.Release|Any CPU.ActiveCfg = Release|Any CPU
		{A5A5362E-5688-4448-9430-C89957BC9433}.Release|Any CPU.Build.0 = Release|Any CPU
	EndGlobalSection
	GlobalSection(SolutionProperties) = preSolution
		HideSolutionNode = FALSE
	EndGlobalSection
	GlobalSection(ExtensibilityGlobals) = postSolution
		SolutionGuid = {14565F4F-AF3C-4E6B-8B85-D0221EC323FB}
	EndGlobalSection
EndGlobal
